// !$*UTF8*$!
{
	archiveVersion = 1;
	classes = {
	};
	objectVersion = 46;
	objects = {

/* Begin PBXBuildFile section */
		451C39381B2C5A4400391D7E /* AppDelegate.swift in Sources */ = {isa = PBXBuildFile; fileRef = 451C39371B2C5A4400391D7E /* AppDelegate.swift */; };
		451C393A1B2C5A4400391D7E /* ViewController.swift in Sources */ = {isa = PBXBuildFile; fileRef = 451C39391B2C5A4400391D7E /* ViewController.swift */; };
		451C393D1B2C5A4400391D7E /* Main.storyboard in Resources */ = {isa = PBXBuildFile; fileRef = 451C393B1B2C5A4400391D7E /* Main.storyboard */; };
		451C393F1B2C5A4400391D7E /* Images.xcassets in Resources */ = {isa = PBXBuildFile; fileRef = 451C393E1B2C5A4400391D7E /* Images.xcassets */; };
		451C39421B2C5A4400391D7E /* LaunchScreen.xib in Resources */ = {isa = PBXBuildFile; fileRef = 451C39401B2C5A4400391D7E /* LaunchScreen.xib */; };
		451C394E1B2C5A4400391D7E /* PoolTests.swift in Sources */ = {isa = PBXBuildFile; fileRef = 451C394D1B2C5A4400391D7E /* PoolTests.swift */; };
/* End PBXBuildFile section */

/* Begin PBXContainerItemProxy section */
		451C39481B2C5A4400391D7E /* PBXContainerItemProxy */ = {
			isa = PBXContainerItemProxy;
			containerPortal = 451C392A1B2C5A4400391D7E /* Project object */;
			proxyType = 1;
			remoteGlobalIDString = 451C39311B2C5A4400391D7E;
			remoteInfo = Pool;
		};
/* End PBXContainerItemProxy section */

/* Begin PBXFileReference section */
		451C39321B2C5A4400391D7E /* Pool.app */ = {isa = PBXFileReference; explicitFileType = wrapper.application; includeInIndex = 0; path = Pool.app; sourceTree = BUILT_PRODUCTS_DIR; };
		451C39361B2C5A4400391D7E /* Info.plist */ = {isa = PBXFileReference; lastKnownFileType = text.plist.xml; path = Info.plist; sourceTree = "<group>"; };
		451C39371B2C5A4400391D7E /* AppDelegate.swift */ = {isa = PBXFileReference; lastKnownFileType = sourcecode.swift; path = AppDelegate.swift; sourceTree = "<group>"; };
		451C39391B2C5A4400391D7E /* ViewController.swift */ = {isa = PBXFileReference; lastKnownFileType = sourcecode.swift; path = ViewController.swift; sourceTree = "<group>"; };
		451C393C1B2C5A4400391D7E /* Base */ = {isa = PBXFileReference; lastKnownFileType = file.storyboard; name = Base; path = Base.lproj/Main.storyboard; sourceTree = "<group>"; };
		451C393E1B2C5A4400391D7E /* Images.xcassets */ = {isa = PBXFileReference; lastKnownFileType = folder.assetcatalog; path = Images.xcassets; sourceTree = "<group>"; };
		451C39411B2C5A4400391D7E /* Base */ = {isa = PBXFileReference; lastKnownFileType = file.xib; name = Base; path = Base.lproj/LaunchScreen.xib; sourceTree = "<group>"; };
		451C39471B2C5A4400391D7E /* PoolTests.xctest */ = {isa = PBXFileReference; explicitFileType = wrapper.cfbundle; includeInIndex = 0; path = PoolTests.xctest; sourceTree = BUILT_PRODUCTS_DIR; };
		451C394C1B2C5A4400391D7E /* Info.plist */ = {isa = PBXFileReference; lastKnownFileType = text.plist.xml; path = Info.plist; sourceTree = "<group>"; };
		451C394D1B2C5A4400391D7E /* PoolTests.swift */ = {isa = PBXFileReference; lastKnownFileType = sourcecode.swift; path = PoolTests.swift; sourceTree = "<group>"; };
/* End PBXFileReference section */

/* Begin PBXFrameworksBuildPhase section */
		451C392F1B2C5A4400391D7E /* Frameworks */ = {
			isa = PBXFrameworksBuildPhase;
			buildActionMask = 2147483647;
			files = (
			);
			runOnlyForDeploymentPostprocessing = 0;
		};
		451C39441B2C5A4400391D7E /* Frameworks */ = {
			isa = PBXFrameworksBuildPhase;
			buildActionMask = 2147483647;
			files = (
			);
			runOnlyForDeploymentPostprocessing = 0;
		};
/* End PBXFrameworksBuildPhase section */

/* Begin PBXGroup section */
		451C39291B2C5A4400391D7E = {
			isa = PBXGroup;
			children = (
				451C39341B2C5A4400391D7E /* Pool */,
				451C394A1B2C5A4400391D7E /* PoolTests */,
				451C39331B2C5A4400391D7E /* Products */,
			);
			sourceTree = "<group>";
		};
		451C39331B2C5A4400391D7E /* Products */ = {
			isa = PBXGroup;
			children = (
				451C39321B2C5A4400391D7E /* Pool.app */,
				451C39471B2C5A4400391D7E /* PoolTests.xctest */,
			);
			name = Products;
			sourceTree = "<group>";
		};
		451C39341B2C5A4400391D7E /* Pool */ = {
			isa = PBXGroup;
			children = (
				451C39371B2C5A4400391D7E /* AppDelegate.swift */,
				451C39391B2C5A4400391D7E /* ViewController.swift */,
				451C393B1B2C5A4400391D7E /* Main.storyboard */,
				451C393E1B2C5A4400391D7E /* Images.xcassets */,
				451C39401B2C5A4400391D7E /* LaunchScreen.xib */,
				451C39351B2C5A4400391D7E /* Supporting Files */,
			);
			path = Pool;
			sourceTree = "<group>";
		};
		451C39351B2C5A4400391D7E /* Supporting Files */ = {
			isa = PBXGroup;
			children = (
				451C39361B2C5A4400391D7E /* Info.plist */,
			);
			name = "Supporting Files";
			sourceTree = "<group>";
		};
		451C394A1B2C5A4400391D7E /* PoolTests */ = {
			isa = PBXGroup;
			children = (
				451C394D1B2C5A4400391D7E /* PoolTests.swift */,
				451C394B1B2C5A4400391D7E /* Supporting Files */,
			);
			path = PoolTests;
			sourceTree = "<group>";
		};
		451C394B1B2C5A4400391D7E /* Supporting Files */ = {
			isa = PBXGroup;
			children = (
				451C394C1B2C5A4400391D7E /* Info.plist */,
			);
			name = "Supporting Files";
			sourceTree = "<group>";
		};
/* End PBXGroup section */

/* Begin PBXNativeTarget section */
		451C39311B2C5A4400391D7E /* Pool */ = {
			isa = PBXNativeTarget;
			buildConfigurationList = 451C39511B2C5A4400391D7E /* Build configuration list for PBXNativeTarget "Pool" */;
			buildPhases = (
				451C392E1B2C5A4400391D7E /* Sources */,
				451C392F1B2C5A4400391D7E /* Frameworks */,
				451C39301B2C5A4400391D7E /* Resources */,
			);
			buildRules = (
			);
			dependencies = (
			);
			name = Pool;
			productName = Pool;
			productReference = 451C39321B2C5A4400391D7E /* Pool.app */;
			productType = "com.apple.product-type.application";
		};
		451C39461B2C5A4400391D7E /* PoolTests */ = {
			isa = PBXNativeTarget;
			buildConfigurationList = 451C39541B2C5A4400391D7E /* Build configuration list for PBXNativeTarget "PoolTests" */;
			buildPhases = (
				451C39431B2C5A4400391D7E /* Sources */,
				451C39441B2C5A4400391D7E /* Frameworks */,
				451C39451B2C5A4400391D7E /* Resources */,
			);
			buildRules = (
			);
			dependencies = (
				451C39491B2C5A4400391D7E /* PBXTargetDependency */,
			);
			name = PoolTests;
			productName = PoolTests;
			productReference = 451C39471B2C5A4400391D7E /* PoolTests.xctest */;
			productType = "com.apple.product-type.bundle.unit-test";
		};
/* End PBXNativeTarget section */

/* Begin PBXProject section */
		451C392A1B2C5A4400391D7E /* Project object */ = {
			isa = PBXProject;
			attributes = {
				LastUpgradeCheck = 0630;
				ORGANIZATIONNAME = PoolParty;
				TargetAttributes = {
					451C39311B2C5A4400391D7E = {
						CreatedOnToolsVersion = 6.3.2;
					};
					451C39461B2C5A4400391D7E = {
						CreatedOnToolsVersion = 6.3.2;
						TestTargetID = 451C39311B2C5A4400391D7E;
					};
				};
			};
			buildConfigurationList = 451C392D1B2C5A4400391D7E /* Build configuration list for PBXProject "Pool" */;
			compatibilityVersion = "Xcode 3.2";
			developmentRegion = English;
			hasScannedForEncodings = 0;
			knownRegions = (
				en,
				Base,
			);
			mainGroup = 451C39291B2C5A4400391D7E;
			productRefGroup = 451C39331B2C5A4400391D7E /* Products */;
			projectDirPath = "";
			projectRoot = "";
			targets = (
				451C39311B2C5A4400391D7E /* Pool */,
				451C39461B2C5A4400391D7E /* PoolTests */,
			);
		};
/* End PBXProject section */

/* Begin PBXResourcesBuildPhase section */
		451C39301B2C5A4400391D7E /* Resources */ = {
			isa = PBXResourcesBuildPhase;
			buildActionMask = 2147483647;
			files = (
				451C393D1B2C5A4400391D7E /* Main.storyboard in Resources */,
				451C39421B2C5A4400391D7E /* LaunchScreen.xib in Resources */,
				451C393F1B2C5A4400391D7E /* Images.xcassets in Resources */,
			);
			runOnlyForDeploymentPostprocessing = 0;
		};
		451C39451B2C5A4400391D7E /* Resources */ = {
			isa = PBXResourcesBuildPhase;
			buildActionMask = 2147483647;
			files = (
			);
			runOnlyForDeploymentPostprocessing = 0;
		};
/* End PBXResourcesBuildPhase section */

/* Begin PBXSourcesBuildPhase section */
		451C392E1B2C5A4400391D7E /* Sources */ = {
			isa = PBXSourcesBuildPhase;
			buildActionMask = 2147483647;
			files = (
				451C393A1B2C5A4400391D7E /* ViewController.swift in Sources */,
				451C39381B2C5A4400391D7E /* AppDelegate.swift in Sources */,
			);
			runOnlyForDeploymentPostprocessing = 0;
		};
		451C39431B2C5A4400391D7E /* Sources */ = {
			isa = PBXSourcesBuildPhase;
			buildActionMask = 2147483647;
			files = (
				451C394E1B2C5A4400391D7E /* PoolTests.swift in Sources */,
			);
			runOnlyForDeploymentPostprocessing = 0;
		};
/* End PBXSourcesBuildPhase section */

/* Begin PBXTargetDependency section */
		451C39491B2C5A4400391D7E /* PBXTargetDependency */ = {
			isa = PBXTargetDependency;
			target = 451C39311B2C5A4400391D7E /* Pool */;
			targetProxy = 451C39481B2C5A4400391D7E /* PBXContainerItemProxy */;
		};
/* End PBXTargetDependency section */

/* Begin PBXVariantGroup section */
		451C393B1B2C5A4400391D7E /* Main.storyboard */ = {
			isa = PBXVariantGroup;
			children = (
				451C393C1B2C5A4400391D7E /* Base */,
			);
			name = Main.storyboard;
			sourceTree = "<group>";
		};
		451C39401B2C5A4400391D7E /* LaunchScreen.xib */ = {
			isa = PBXVariantGroup;
			children = (
				451C39411B2C5A4400391D7E /* Base */,
			);
			name = LaunchScreen.xib;
			sourceTree = "<group>";
		};
/* End PBXVariantGroup section */

/* Begin XCBuildConfiguration section */
		451C394F1B2C5A4400391D7E /* Debug */ = {
			isa = XCBuildConfiguration;
			buildSettings = {
				ALWAYS_SEARCH_USER_PATHS = NO;
				CLANG_CXX_LANGUAGE_STANDARD = "gnu++0x";
				CLANG_CXX_LIBRARY = "libc++";
				CLANG_ENABLE_MODULES = YES;
				CLANG_ENABLE_OBJC_ARC = YES;
				CLANG_WARN_BOOL_CONVERSION = YES;
				CLANG_WARN_CONSTANT_CONVERSION = YES;
				CLANG_WARN_DIRECT_OBJC_ISA_USAGE = YES_ERROR;
				CLANG_WARN_EMPTY_BODY = YES;
				CLANG_WARN_ENUM_CONVERSION = YES;
				CLANG_WARN_INT_CONVERSION = YES;
				CLANG_WARN_OBJC_ROOT_CLASS = YES_ERROR;
				CLANG_WARN_UNREACHABLE_CODE = YES;
				CLANG_WARN__DUPLICATE_METHOD_MATCH = YES;
				"CODE_SIGN_IDENTITY[sdk=iphoneos*]" = "iPhone Developer";
				COPY_PHASE_STRIP = NO;
				DEBUG_INFORMATION_FORMAT = "dwarf-with-dsym";
				ENABLE_STRICT_OBJC_MSGSEND = YES;
				GCC_C_LANGUAGE_STANDARD = gnu99;
				GCC_DYNAMIC_NO_PIC = NO;
				GCC_NO_COMMON_BLOCKS = YES;
				GCC_OPTIMIZATION_LEVEL = 0;
				GCC_PREPROCESSOR_DEFINITIONS = (
					"DEBUG=1",
					"$(inherited)",
				);
				GCC_SYMBOLS_PRIVATE_EXTERN = NO;
				GCC_WARN_64_TO_32_BIT_CONVERSION = YES;
				GCC_WARN_ABOUT_RETURN_TYPE = YES_ERROR;
				GCC_WARN_UNDECLARED_SELECTOR = YES;
				GCC_WARN_UNINITIALIZED_AUTOS = YES_AGGRESSIVE;
				GCC_WARN_UNUSED_FUNCTION = YES;
				GCC_WARN_UNUSED_VARIABLE = YES;
				IPHONEOS_DEPLOYMENT_TARGET = 8.3;
				MTL_ENABLE_DEBUG_INFO = YES;
				ONLY_ACTIVE_ARCH = YES;
				SDKROOT = iphoneos;
				SWIFT_OPTIMIZATION_LEVEL = "-Onone";
				TARGETED_DEVICE_FAMILY = "1,2";
			};
			name = Debug;
		};
		451C39501B2C5A4400391D7E /* Release */ = {
			isa = XCBuildConfiguration;
			buildSettings = {
				ALWAYS_SEARCH_USER_PATHS = NO;
				CLANG_CXX_LANGUAGE_STANDARD = "gnu++0x";
				CLANG_CXX_LIBRARY = "libc++";
				CLANG_ENABLE_MODULES = YES;
				CLANG_ENABLE_OBJC_ARC = YES;
				CLANG_WARN_BOOL_CONVERSION = YES;
				CLANG_WARN_CONSTANT_CONVERSION = YES;
				CLANG_WARN_DIRECT_OBJC_ISA_USAGE = YES_ERROR;
				CLANG_WARN_EMPTY_BODY = YES;
				CLANG_WARN_ENUM_CONVERSION = YES;
				CLANG_WARN_INT_CONVERSION = YES;
				CLANG_WARN_OBJC_ROOT_CLASS = YES_ERROR;
				CLANG_WARN_UNREACHABLE_CODE = YES;
				CLANG_WARN__DUPLICATE_METHOD_MATCH = YES;
				"CODE_SIGN_IDENTITY[sdk=iphoneos*]" = "iPhone Developer";
				COPY_PHASE_STRIP = NO;
				DEBUG_INFORMATION_FORMAT = "dwarf-with-dsym";
				ENABLE_NS_ASSERTIONS = NO;
				ENABLE_STRICT_OBJC_MSGSEND = YES;
				GCC_C_LANGUAGE_STANDARD = gnu99;
				GCC_NO_COMMON_BLOCKS = YES;
				GCC_WARN_64_TO_32_BIT_CONVERSION = YES;
				GCC_WARN_ABOUT_RETURN_TYPE = YES_ERROR;
				GCC_WARN_UNDECLARED_SELECTOR = YES;
				GCC_WARN_UNINITIALIZED_AUTOS = YES_AGGRESSIVE;
				GCC_WARN_UNUSED_FUNCTION = YES;
				GCC_WARN_UNUSED_VARIABLE = YES;
				IPHONEOS_DEPLOYMENT_TARGET = 8.3;
				MTL_ENABLE_DEBUG_INFO = NO;
				SDKROOT = iphoneos;
				TARGETED_DEVICE_FAMILY = "1,2";
				VALIDATE_PRODUCT = YES;
			};
			name = Release;
		};
		451C39521B2C5A4400391D7E /* Debug */ = {
			isa = XCBuildConfiguration;
			buildSettings = {
				ASSETCATALOG_COMPILER_APPICON_NAME = AppIcon;
				INFOPLIST_FILE = Pool/Info.plist;
				LD_RUNPATH_SEARCH_PATHS = "$(inherited) @executable_path/Frameworks";
				PRODUCT_NAME = "$(TARGET_NAME)";
			};
			name = Debug;
		};
		451C39531B2C5A4400391D7E /* Release */ = {
			isa = XCBuildConfiguration;
			buildSettings = {
				ASSETCATALOG_COMPILER_APPICON_NAME = AppIcon;
				INFOPLIST_FILE = Pool/Info.plist;
				LD_RUNPATH_SEARCH_PATHS = "$(inherited) @executable_path/Frameworks";
				PRODUCT_NAME = "$(TARGET_NAME)";
			};
			name = Release;
		};
		451C39551B2C5A4400391D7E /* Debug */ = {
			isa = XCBuildConfiguration;
			buildSettings = {
				BUNDLE_LOADER = "$(TEST_HOST)";
				FRAMEWORK_SEARCH_PATHS = (
					"$(SDKROOT)/Developer/Library/Frameworks",
					"$(inherited)",
				);
				GCC_PREPROCESSOR_DEFINITIONS = (
					"DEBUG=1",
					"$(inherited)",
				);
				INFOPLIST_FILE = PoolTests/Info.plist;
				LD_RUNPATH_SEARCH_PATHS = "$(inherited) @executable_path/Frameworks @loader_path/Frameworks";
				PRODUCT_NAME = "$(TARGET_NAME)";
				TEST_HOST = "$(BUILT_PRODUCTS_DIR)/Pool.app/Pool";
			};
			name = Debug;
		};
		451C39561B2C5A4400391D7E /* Release */ = {
			isa = XCBuildConfiguration;
			buildSettings = {
				BUNDLE_LOADER = "$(TEST_HOST)";
				FRAMEWORK_SEARCH_PATHS = (
					"$(SDKROOT)/Developer/Library/Frameworks",
					"$(inherited)",
				);
				INFOPLIST_FILE = PoolTests/Info.plist;
				LD_RUNPATH_SEARCH_PATHS = "$(inherited) @executable_path/Frameworks @loader_path/Frameworks";
				PRODUCT_NAME = "$(TARGET_NAME)";
				TEST_HOST = "$(BUILT_PRODUCTS_DIR)/Pool.app/Pool";
			};
			name = Release;
		};
/* End XCBuildConfiguration section */

/* Begin XCConfigurationList section */
		451C392D1B2C5A4400391D7E /* Build configuration list for PBXProject "Pool" */ = {
			isa = XCConfigurationList;
			buildConfigurations = (
				451C394F1B2C5A4400391D7E /* Debug */,
				451C39501B2C5A4400391D7E /* Release */,
			);
			defaultConfigurationIsVisible = 0;
			defaultConfigurationName = Release;
		};
		451C39511B2C5A4400391D7E /* Build configuration list for PBXNativeTarget "Pool" */ = {
			isa = XCConfigurationList;
			buildConfigurations = (
				451C39521B2C5A4400391D7E /* Debug */,
				451C39531B2C5A4400391D7E /* Release */,
			);
			defaultConfigurationIsVisible = 0;
		};
		451C39541B2C5A4400391D7E /* Build configuration list for PBXNativeTarget "PoolTests" */ = {
			isa = XCConfigurationList;
			buildConfigurations = (
				451C39551B2C5A4400391D7E /* Debug */,
				451C39561B2C5A4400391D7E /* Release */,
			);
			defaultConfigurationIsVisible = 0;
		};
/* End XCConfigurationList section */
	};
	rootObject = 451C392A1B2C5A4400391D7E /* Project object */;
}
