// !$*UTF8*$!
{
	archiveVersion = 1;
	classes = {
	};
	objectVersion = 46;
	objects = {

/* Begin PBXBuildFile section */
		451C39381B2C5A4400391D7E /* AppDelegate.swift in Sources */ = {isa = PBXBuildFile; fileRef = 451C39371B2C5A4400391D7E /* AppDelegate.swift */; };
		451C393F1B2C5A4400391D7E /* Images.xcassets in Resources */ = {isa = PBXBuildFile; fileRef = 451C393E1B2C5A4400391D7E /* Images.xcassets */; };
		451C39421B2C5A4400391D7E /* LaunchScreen.xib in Resources */ = {isa = PBXBuildFile; fileRef = 451C39401B2C5A4400391D7E /* LaunchScreen.xib */; };
		451C394E1B2C5A4400391D7E /* PoolTests.swift in Sources */ = {isa = PBXBuildFile; fileRef = 451C394D1B2C5A4400391D7E /* PoolTests.swift */; };
		451C39581B2C5AFF00391D7E /* JSONHelper.swift in Sources */ = {isa = PBXBuildFile; fileRef = 451C39571B2C5AFF00391D7E /* JSONHelper.swift */; };
		451C395A1B2C5B5D00391D7E /* Activity.swift in Sources */ = {isa = PBXBuildFile; fileRef = 451C39591B2C5B5D00391D7E /* Activity.swift */; };
		451C395C1B2C5B8D00391D7E /* Total.swift in Sources */ = {isa = PBXBuildFile; fileRef = 451C395B1B2C5B8D00391D7E /* Total.swift */; };
		451C395E1B2C5BB000391D7E /* Transaction.swift in Sources */ = {isa = PBXBuildFile; fileRef = 451C395D1B2C5BB000391D7E /* Transaction.swift */; };
		451C39601B2C5BCC00391D7E /* User.swift in Sources */ = {isa = PBXBuildFile; fileRef = 451C395F1B2C5BCC00391D7E /* User.swift */; };
		451C39631B2C624E00391D7E /* RequestHelper.swift in Sources */ = {isa = PBXBuildFile; fileRef = 451C39611B2C624E00391D7E /* RequestHelper.swift */; };
		451C39641B2C624E00391D7E /* HTTPRequest.swift in Sources */ = {isa = PBXBuildFile; fileRef = 451C39621B2C624E00391D7E /* HTTPRequest.swift */; };
		451C39661B2C69D900391D7E /* ActivityTableViewCell.swift in Sources */ = {isa = PBXBuildFile; fileRef = 451C39651B2C69D900391D7E /* ActivityTableViewCell.swift */; };
		451C39681B2C770100391D7E /* ActivitiesTableViewController.swift in Sources */ = {isa = PBXBuildFile; fileRef = 451C39671B2C770100391D7E /* ActivitiesTableViewController.swift */; };
		451C396C1B2C782400391D7E /* ActivityDetailTableViewController.swift in Sources */ = {isa = PBXBuildFile; fileRef = 451C396B1B2C782400391D7E /* ActivityDetailTableViewController.swift */; };
		451C396E1B2C84D300391D7E /* InviteTableViewController.swift in Sources */ = {isa = PBXBuildFile; fileRef = 451C396D1B2C84D300391D7E /* InviteTableViewController.swift */; };
		451C39701B2C90E700391D7E /* TransactionTableViewCell.swift in Sources */ = {isa = PBXBuildFile; fileRef = 451C396F1B2C90E700391D7E /* TransactionTableViewCell.swift */; };
		E90654C71B2C5F4D003C22FF /* InitialViewController.swift in Sources */ = {isa = PBXBuildFile; fileRef = E90654C61B2C5F4D003C22FF /* InitialViewController.swift */; };
		E90654D21B2C7204003C22FF /* AssetsLibrary.framework in Frameworks */ = {isa = PBXBuildFile; fileRef = E90654D11B2C7204003C22FF /* AssetsLibrary.framework */; };
		E90654D41B2C720D003C22FF /* CoreMedia.framework in Frameworks */ = {isa = PBXBuildFile; fileRef = E90654D31B2C720D003C22FF /* CoreMedia.framework */; };
		E90654D61B2C7218003C22FF /* AVFoundation.framework in Frameworks */ = {isa = PBXBuildFile; fileRef = E90654D51B2C7218003C22FF /* AVFoundation.framework */; };
		E90654E71B2C729A003C22FF /* GiniVision.bundle in Resources */ = {isa = PBXBuildFile; fileRef = E90654E41B2C729A003C22FF /* GiniVision.bundle */; };
		E90654E81B2C729A003C22FF /* GiniVision.framework in Frameworks */ = {isa = PBXBuildFile; fileRef = E90654E51B2C729A003C22FF /* GiniVision.framework */; };
		E90654E91B2C729A003C22FF /* opencv2.framework in Frameworks */ = {isa = PBXBuildFile; fileRef = E90654E61B2C729A003C22FF /* opencv2.framework */; };
		E90654F31B2C7DAE003C22FF /* LoginViewController.swift in Sources */ = {isa = PBXBuildFile; fileRef = E90654F21B2C7DAE003C22FF /* LoginViewController.swift */; };
/* End PBXBuildFile section */

/* Begin PBXContainerItemProxy section */
		451C39481B2C5A4400391D7E /* PBXContainerItemProxy */ = {
			isa = PBXContainerItemProxy;
			containerPortal = 451C392A1B2C5A4400391D7E /* Project object */;
			proxyType = 1;
			remoteGlobalIDString = 451C39311B2C5A4400391D7E;
			remoteInfo = Pool;
		};
/* End PBXContainerItemProxy section */

/* Begin PBXFileReference section */
		451C39321B2C5A4400391D7E /* Pool.app */ = {isa = PBXFileReference; explicitFileType = wrapper.application; includeInIndex = 0; path = Pool.app; sourceTree = BUILT_PRODUCTS_DIR; };
		451C39361B2C5A4400391D7E /* Info.plist */ = {isa = PBXFileReference; lastKnownFileType = text.plist.xml; path = Info.plist; sourceTree = "<group>"; };
		451C39371B2C5A4400391D7E /* AppDelegate.swift */ = {isa = PBXFileReference; lastKnownFileType = sourcecode.swift; path = AppDelegate.swift; sourceTree = "<group>"; };
		451C393E1B2C5A4400391D7E /* Images.xcassets */ = {isa = PBXFileReference; lastKnownFileType = folder.assetcatalog; path = Images.xcassets; sourceTree = "<group>"; };
		451C39411B2C5A4400391D7E /* Base */ = {isa = PBXFileReference; lastKnownFileType = file.xib; name = Base; path = Base.lproj/LaunchScreen.xib; sourceTree = "<group>"; };
		451C39471B2C5A4400391D7E /* PoolTests.xctest */ = {isa = PBXFileReference; explicitFileType = wrapper.cfbundle; includeInIndex = 0; path = PoolTests.xctest; sourceTree = BUILT_PRODUCTS_DIR; };
		451C394C1B2C5A4400391D7E /* Info.plist */ = {isa = PBXFileReference; lastKnownFileType = text.plist.xml; path = Info.plist; sourceTree = "<group>"; };
		451C394D1B2C5A4400391D7E /* PoolTests.swift */ = {isa = PBXFileReference; lastKnownFileType = sourcecode.swift; path = PoolTests.swift; sourceTree = "<group>"; };
		451C39571B2C5AFF00391D7E /* JSONHelper.swift */ = {isa = PBXFileReference; fileEncoding = 4; lastKnownFileType = sourcecode.swift; path = JSONHelper.swift; sourceTree = "<group>"; };
		451C39591B2C5B5D00391D7E /* Activity.swift */ = {isa = PBXFileReference; fileEncoding = 4; lastKnownFileType = sourcecode.swift; path = Activity.swift; sourceTree = "<group>"; };
		451C395B1B2C5B8D00391D7E /* Total.swift */ = {isa = PBXFileReference; fileEncoding = 4; lastKnownFileType = sourcecode.swift; path = Total.swift; sourceTree = "<group>"; };
		451C395D1B2C5BB000391D7E /* Transaction.swift */ = {isa = PBXFileReference; fileEncoding = 4; lastKnownFileType = sourcecode.swift; path = Transaction.swift; sourceTree = "<group>"; };
		451C395F1B2C5BCC00391D7E /* User.swift */ = {isa = PBXFileReference; fileEncoding = 4; lastKnownFileType = sourcecode.swift; path = User.swift; sourceTree = "<group>"; };
		451C39611B2C624E00391D7E /* RequestHelper.swift */ = {isa = PBXFileReference; fileEncoding = 4; lastKnownFileType = sourcecode.swift; path = RequestHelper.swift; sourceTree = "<group>"; };
		451C39621B2C624E00391D7E /* HTTPRequest.swift */ = {isa = PBXFileReference; fileEncoding = 4; lastKnownFileType = sourcecode.swift; path = HTTPRequest.swift; sourceTree = "<group>"; };
		451C39651B2C69D900391D7E /* ActivityTableViewCell.swift */ = {isa = PBXFileReference; fileEncoding = 4; lastKnownFileType = sourcecode.swift; path = ActivityTableViewCell.swift; sourceTree = "<group>"; };
		451C39671B2C770100391D7E /* ActivitiesTableViewController.swift */ = {isa = PBXFileReference; fileEncoding = 4; lastKnownFileType = sourcecode.swift; name = ActivitiesTableViewController.swift; path = ViewControllers/ActivitiesTableViewController.swift; sourceTree = "<group>"; };
		451C396B1B2C782400391D7E /* ActivityDetailTableViewController.swift */ = {isa = PBXFileReference; fileEncoding = 4; lastKnownFileType = sourcecode.swift; name = ActivityDetailTableViewController.swift; path = ViewControllers/ActivityDetailTableViewController.swift; sourceTree = "<group>"; };
		451C396D1B2C84D300391D7E /* InviteTableViewController.swift */ = {isa = PBXFileReference; fileEncoding = 4; lastKnownFileType = sourcecode.swift; path = InviteTableViewController.swift; sourceTree = "<group>"; };
		451C396F1B2C90E700391D7E /* TransactionTableViewCell.swift */ = {isa = PBXFileReference; fileEncoding = 4; lastKnownFileType = sourcecode.swift; path = TransactionTableViewCell.swift; sourceTree = "<group>"; };
		E90654C61B2C5F4D003C22FF /* InitialViewController.swift */ = {isa = PBXFileReference; fileEncoding = 4; lastKnownFileType = sourcecode.swift; name = InitialViewController.swift; path = ViewControllers/InitialViewController.swift; sourceTree = "<group>"; };
		E90654D11B2C7204003C22FF /* AssetsLibrary.framework */ = {isa = PBXFileReference; lastKnownFileType = wrapper.framework; name = AssetsLibrary.framework; path = System/Library/Frameworks/AssetsLibrary.framework; sourceTree = SDKROOT; };
		E90654D31B2C720D003C22FF /* CoreMedia.framework */ = {isa = PBXFileReference; lastKnownFileType = wrapper.framework; name = CoreMedia.framework; path = System/Library/Frameworks/CoreMedia.framework; sourceTree = SDKROOT; };
		E90654D51B2C7218003C22FF /* AVFoundation.framework */ = {isa = PBXFileReference; lastKnownFileType = wrapper.framework; name = AVFoundation.framework; path = System/Library/Frameworks/AVFoundation.framework; sourceTree = SDKROOT; };
		E90654E41B2C729A003C22FF /* GiniVision.bundle */ = {isa = PBXFileReference; lastKnownFileType = "wrapper.plug-in"; name = GiniVision.bundle; path = Frameworks/GiniVision.bundle; sourceTree = "<group>"; };
		E90654E51B2C729A003C22FF /* GiniVision.framework */ = {isa = PBXFileReference; lastKnownFileType = wrapper.framework; name = GiniVision.framework; path = Frameworks/GiniVision.framework; sourceTree = "<group>"; };
		E90654E61B2C729A003C22FF /* opencv2.framework */ = {isa = PBXFileReference; lastKnownFileType = wrapper.framework; name = opencv2.framework; path = Frameworks/opencv2.framework; sourceTree = "<group>"; };
		E90654F21B2C7DAE003C22FF /* LoginViewController.swift */ = {isa = PBXFileReference; fileEncoding = 4; lastKnownFileType = sourcecode.swift; name = LoginViewController.swift; path = ViewControllers/LoginViewController.swift; sourceTree = "<group>"; };
		E90654F51B2C8563003C22FF /* Pool-Bridging-Header.h */ = {isa = PBXFileReference; lastKnownFileType = sourcecode.c.h; path = "Pool-Bridging-Header.h"; sourceTree = "<group>"; };
/* End PBXFileReference section */

/* Begin PBXFrameworksBuildPhase section */
		451C392F1B2C5A4400391D7E /* Frameworks */ = {
			isa = PBXFrameworksBuildPhase;
			buildActionMask = 2147483647;
			files = (
				E90654D61B2C7218003C22FF /* AVFoundation.framework in Frameworks */,
				E90654D41B2C720D003C22FF /* CoreMedia.framework in Frameworks */,
				E90654D21B2C7204003C22FF /* AssetsLibrary.framework in Frameworks */,
				E90654E91B2C729A003C22FF /* opencv2.framework in Frameworks */,
				E90654E81B2C729A003C22FF /* GiniVision.framework in Frameworks */,
			);
			runOnlyForDeploymentPostprocessing = 0;
		};
		451C39441B2C5A4400391D7E /* Frameworks */ = {
			isa = PBXFrameworksBuildPhase;
			buildActionMask = 2147483647;
			files = (
			);
			runOnlyForDeploymentPostprocessing = 0;
		};
/* End PBXFrameworksBuildPhase section */

/* Begin PBXGroup section */
		451C39291B2C5A4400391D7E = {
			isa = PBXGroup;
			children = (
				451C39341B2C5A4400391D7E /* Pool */,
				451C394A1B2C5A4400391D7E /* PoolTests */,
				451C39331B2C5A4400391D7E /* Products */,
			);
			sourceTree = "<group>";
		};
		451C39331B2C5A4400391D7E /* Products */ = {
			isa = PBXGroup;
			children = (
				451C39321B2C5A4400391D7E /* Pool.app */,
				451C39471B2C5A4400391D7E /* PoolTests.xctest */,
			);
			name = Products;
			sourceTree = "<group>";
		};
		451C39341B2C5A4400391D7E /* Pool */ = {
			isa = PBXGroup;
			children = (
				451C39711B2C97E100391D7E /* Views */,
				E9D318EB1B2C5EFA00D7DAE0 /* ViewControllers */,
				E90654C81B2C5FEF003C22FF /* Models */,
				E90654C91B2C6023003C22FF /* Helpers */,
				E90654D71B2C721C003C22FF /* Frameworks */,
				451C39371B2C5A4400391D7E /* AppDelegate.swift */,
				451C393E1B2C5A4400391D7E /* Images.xcassets */,
				451C39401B2C5A4400391D7E /* LaunchScreen.xib */,
				451C39351B2C5A4400391D7E /* Supporting Files */,
			);
			path = Pool;
			sourceTree = "<group>";
		};
		451C39351B2C5A4400391D7E /* Supporting Files */ = {
			isa = PBXGroup;
			children = (
				E90654F51B2C8563003C22FF /* Pool-Bridging-Header.h */,
				451C39361B2C5A4400391D7E /* Info.plist */,
			);
			name = "Supporting Files";
			sourceTree = "<group>";
		};
		451C394A1B2C5A4400391D7E /* PoolTests */ = {
			isa = PBXGroup;
			children = (
				451C394D1B2C5A4400391D7E /* PoolTests.swift */,
				451C394B1B2C5A4400391D7E /* Supporting Files */,
			);
			path = PoolTests;
			sourceTree = "<group>";
		};
		451C394B1B2C5A4400391D7E /* Supporting Files */ = {
			isa = PBXGroup;
			children = (
				451C394C1B2C5A4400391D7E /* Info.plist */,
			);
			name = "Supporting Files";
			sourceTree = "<group>";
		};
		451C39711B2C97E100391D7E /* Views */ = {
			isa = PBXGroup;
			children = (
				451C396F1B2C90E700391D7E /* TransactionTableViewCell.swift */,
				451C39651B2C69D900391D7E /* ActivityTableViewCell.swift */,
			);
			name = Views;
			sourceTree = "<group>";
		};
		E90654C81B2C5FEF003C22FF /* Models */ = {
			isa = PBXGroup;
			children = (
				451C39591B2C5B5D00391D7E /* Activity.swift */,
				451C395D1B2C5BB000391D7E /* Transaction.swift */,
				451C395F1B2C5BCC00391D7E /* User.swift */,
				451C395B1B2C5B8D00391D7E /* Total.swift */,
			);
			name = Models;
			sourceTree = "<group>";
		};
		E90654C91B2C6023003C22FF /* Helpers */ = {
			isa = PBXGroup;
			children = (
				451C39571B2C5AFF00391D7E /* JSONHelper.swift */,
				451C39621B2C624E00391D7E /* HTTPRequest.swift */,
				451C39611B2C624E00391D7E /* RequestHelper.swift */,
			);
			name = Helpers;
			sourceTree = "<group>";
		};
		E90654D71B2C721C003C22FF /* Frameworks */ = {
			isa = PBXGroup;
			children = (
				E90654E41B2C729A003C22FF /* GiniVision.bundle */,
				E90654E51B2C729A003C22FF /* GiniVision.framework */,
				E90654E61B2C729A003C22FF /* opencv2.framework */,
				E90654D51B2C7218003C22FF /* AVFoundation.framework */,
				E90654D31B2C720D003C22FF /* CoreMedia.framework */,
				E90654D11B2C7204003C22FF /* AssetsLibrary.framework */,
			);
			name = Frameworks;
			sourceTree = "<group>";
		};
		E9D318EB1B2C5EFA00D7DAE0 /* ViewControllers */ = {
			isa = PBXGroup;
			children = (
				E90654F21B2C7DAE003C22FF /* LoginViewController.swift */,
				451C39671B2C770100391D7E /* ActivitiesTableViewController.swift */,
				451C396B1B2C782400391D7E /* ActivityDetailTableViewController.swift */,
				E90654C61B2C5F4D003C22FF /* InitialViewController.swift */,
				451C396D1B2C84D300391D7E /* InviteTableViewController.swift */,
			);
			name = ViewControllers;
			sourceTree = "<group>";
		};
/* End PBXGroup section */

/* Begin PBXNativeTarget section */
		451C39311B2C5A4400391D7E /* Pool */ = {
			isa = PBXNativeTarget;
			buildConfigurationList = 451C39511B2C5A4400391D7E /* Build configuration list for PBXNativeTarget "Pool" */;
			buildPhases = (
				451C392E1B2C5A4400391D7E /* Sources */,
				451C392F1B2C5A4400391D7E /* Frameworks */,
				451C39301B2C5A4400391D7E /* Resources */,
			);
			buildRules = (
			);
			dependencies = (
			);
			name = Pool;
			productName = Pool;
			productReference = 451C39321B2C5A4400391D7E /* Pool.app */;
			productType = "com.apple.product-type.application";
		};
		451C39461B2C5A4400391D7E /* PoolTests */ = {
			isa = PBXNativeTarget;
			buildConfigurationList = 451C39541B2C5A4400391D7E /* Build configuration list for PBXNativeTarget "PoolTests" */;
			buildPhases = (
				451C39431B2C5A4400391D7E /* Sources */,
				451C39441B2C5A4400391D7E /* Frameworks */,
				451C39451B2C5A4400391D7E /* Resources */,
			);
			buildRules = (
			);
			dependencies = (
				451C39491B2C5A4400391D7E /* PBXTargetDependency */,
			);
			name = PoolTests;
			productName = PoolTests;
			productReference = 451C39471B2C5A4400391D7E /* PoolTests.xctest */;
			productType = "com.apple.product-type.bundle.unit-test";
		};
/* End PBXNativeTarget section */

/* Begin PBXProject section */
		451C392A1B2C5A4400391D7E /* Project object */ = {
			isa = PBXProject;
			attributes = {
				LastSwiftUpdateCheck = 0700;
				LastUpgradeCheck = 0630;
				ORGANIZATIONNAME = PoolParty;
				TargetAttributes = {
					451C39311B2C5A4400391D7E = {
						CreatedOnToolsVersion = 6.3.2;
						DevelopmentTeam = K3TCAEHRX4;
					};
					451C39461B2C5A4400391D7E = {
						CreatedOnToolsVersion = 6.3.2;
						TestTargetID = 451C39311B2C5A4400391D7E;
					};
				};
			};
			buildConfigurationList = 451C392D1B2C5A4400391D7E /* Build configuration list for PBXProject "Pool" */;
			compatibilityVersion = "Xcode 3.2";
			developmentRegion = English;
			hasScannedForEncodings = 0;
			knownRegions = (
				en,
				Base,
			);
			mainGroup = 451C39291B2C5A4400391D7E;
			productRefGroup = 451C39331B2C5A4400391D7E /* Products */;
			projectDirPath = "";
			projectRoot = "";
			targets = (
				451C39311B2C5A4400391D7E /* Pool */,
				451C39461B2C5A4400391D7E /* PoolTests */,
			);
		};
/* End PBXProject section */

/* Begin PBXResourcesBuildPhase section */
		451C39301B2C5A4400391D7E /* Resources */ = {
			isa = PBXResourcesBuildPhase;
			buildActionMask = 2147483647;
			files = (
				E90654E71B2C729A003C22FF /* GiniVision.bundle in Resources */,
				451C39421B2C5A4400391D7E /* LaunchScreen.xib in Resources */,
				451C393F1B2C5A4400391D7E /* Images.xcassets in Resources */,
			);
			runOnlyForDeploymentPostprocessing = 0;
		};
		451C39451B2C5A4400391D7E /* Resources */ = {
			isa = PBXResourcesBuildPhase;
			buildActionMask = 2147483647;
			files = (
			);
			runOnlyForDeploymentPostprocessing = 0;
		};
/* End PBXResourcesBuildPhase section */

/* Begin PBXSourcesBuildPhase section */
		451C392E1B2C5A4400391D7E /* Sources */ = {
			isa = PBXSourcesBuildPhase;
			buildActionMask = 2147483647;
			files = (
				451C395C1B2C5B8D00391D7E /* Total.swift in Sources */,
				451C396C1B2C782400391D7E /* ActivityDetailTableViewController.swift in Sources */,
				E90654C71B2C5F4D003C22FF /* InitialViewController.swift in Sources */,
				451C39661B2C69D900391D7E /* ActivityTableViewCell.swift in Sources */,
				451C39581B2C5AFF00391D7E /* JSONHelper.swift in Sources */,
				451C395E1B2C5BB000391D7E /* Transaction.swift in Sources */,
				451C395A1B2C5B5D00391D7E /* Activity.swift in Sources */,
				451C39381B2C5A4400391D7E /* AppDelegate.swift in Sources */,
				451C39701B2C90E700391D7E /* TransactionTableViewCell.swift in Sources */,
				451C39631B2C624E00391D7E /* RequestHelper.swift in Sources */,
				451C39681B2C770100391D7E /* ActivitiesTableViewController.swift in Sources */,
				451C396E1B2C84D300391D7E /* InviteTableViewController.swift in Sources */,
				451C39641B2C624E00391D7E /* HTTPRequest.swift in Sources */,
				E90654F31B2C7DAE003C22FF /* LoginViewController.swift in Sources */,
				451C39601B2C5BCC00391D7E /* User.swift in Sources */,
			);
			runOnlyForDeploymentPostprocessing = 0;
		};
		451C39431B2C5A4400391D7E /* Sources */ = {
			isa = PBXSourcesBuildPhase;
			buildActionMask = 2147483647;
			files = (
				451C394E1B2C5A4400391D7E /* PoolTests.swift in Sources */,
			);
			runOnlyForDeploymentPostprocessing = 0;
		};
/* End PBXSourcesBuildPhase section */

/* Begin PBXTargetDependency section */
		451C39491B2C5A4400391D7E /* PBXTargetDependency */ = {
			isa = PBXTargetDependency;
			target = 451C39311B2C5A4400391D7E /* Pool */;
			targetProxy = 451C39481B2C5A4400391D7E /* PBXContainerItemProxy */;
		};
/* End PBXTargetDependency section */

/* Begin PBXVariantGroup section */
		451C39401B2C5A4400391D7E /* LaunchScreen.xib */ = {
			isa = PBXVariantGroup;
			children = (
				451C39411B2C5A4400391D7E /* Base */,
			);
			name = LaunchScreen.xib;
			sourceTree = "<group>";
		};
/* End PBXVariantGroup section */

/* Begin XCBuildConfiguration section */
		451C394F1B2C5A4400391D7E /* Debug */ = {
			isa = XCBuildConfiguration;
			buildSettings = {
				ALWAYS_SEARCH_USER_PATHS = NO;
				CLANG_CXX_LANGUAGE_STANDARD = "gnu++0x";
				CLANG_CXX_LIBRARY = "libc++";
				CLANG_ENABLE_MODULES = YES;
				CLANG_ENABLE_OBJC_ARC = YES;
				CLANG_WARN_BOOL_CONVERSION = YES;
				CLANG_WARN_CONSTANT_CONVERSION = YES;
				CLANG_WARN_DIRECT_OBJC_ISA_USAGE = YES_ERROR;
				CLANG_WARN_EMPTY_BODY = YES;
				CLANG_WARN_ENUM_CONVERSION = YES;
				CLANG_WARN_INT_CONVERSION = YES;
				CLANG_WARN_OBJC_ROOT_CLASS = YES_ERROR;
				CLANG_WARN_UNREACHABLE_CODE = YES;
				CLANG_WARN__DUPLICATE_METHOD_MATCH = YES;
				"CODE_SIGN_IDENTITY[sdk=iphoneos*]" = "iPhone Developer";
				COPY_PHASE_STRIP = NO;
				DEBUG_INFORMATION_FORMAT = "dwarf-with-dsym";
				ENABLE_STRICT_OBJC_MSGSEND = YES;
				GCC_C_LANGUAGE_STANDARD = gnu99;
				GCC_DYNAMIC_NO_PIC = NO;
				GCC_NO_COMMON_BLOCKS = YES;
				GCC_OPTIMIZATION_LEVEL = 0;
				GCC_PREPROCESSOR_DEFINITIONS = (
					"DEBUG=1",
					"$(inherited)",
				);
				GCC_SYMBOLS_PRIVATE_EXTERN = NO;
				GCC_WARN_64_TO_32_BIT_CONVERSION = YES;
				GCC_WARN_ABOUT_RETURN_TYPE = YES_ERROR;
				GCC_WARN_UNDECLARED_SELECTOR = YES;
				GCC_WARN_UNINITIALIZED_AUTOS = YES_AGGRESSIVE;
				GCC_WARN_UNUSED_FUNCTION = YES;
				GCC_WARN_UNUSED_VARIABLE = YES;
				IPHONEOS_DEPLOYMENT_TARGET = 8.3;
				MTL_ENABLE_DEBUG_INFO = YES;
				ONLY_ACTIVE_ARCH = YES;
				OTHER_LDFLAGS = "-l\"stdc++\"";
				SDKROOT = iphoneos;
				SWIFT_OBJC_BRIDGING_HEADER = "";
				SWIFT_OPTIMIZATION_LEVEL = "-Onone";
				TARGETED_DEVICE_FAMILY = "1,2";
			};
			name = Debug;
		};
		451C39501B2C5A4400391D7E /* Release */ = {
			isa = XCBuildConfiguration;
			buildSettings = {
				ALWAYS_SEARCH_USER_PATHS = NO;
				CLANG_CXX_LANGUAGE_STANDARD = "gnu++0x";
				CLANG_CXX_LIBRARY = "libc++";
				CLANG_ENABLE_MODULES = YES;
				CLANG_ENABLE_OBJC_ARC = YES;
				CLANG_WARN_BOOL_CONVERSION = YES;
				CLANG_WARN_CONSTANT_CONVERSION = YES;
				CLANG_WARN_DIRECT_OBJC_ISA_USAGE = YES_ERROR;
				CLANG_WARN_EMPTY_BODY = YES;
				CLANG_WARN_ENUM_CONVERSION = YES;
				CLANG_WARN_INT_CONVERSION = YES;
				CLANG_WARN_OBJC_ROOT_CLASS = YES_ERROR;
				CLANG_WARN_UNREACHABLE_CODE = YES;
				CLANG_WARN__DUPLICATE_METHOD_MATCH = YES;
				"CODE_SIGN_IDENTITY[sdk=iphoneos*]" = "iPhone Developer";
				COPY_PHASE_STRIP = NO;
				DEBUG_INFORMATION_FORMAT = "dwarf-with-dsym";
				ENABLE_NS_ASSERTIONS = NO;
				ENABLE_STRICT_OBJC_MSGSEND = YES;
				GCC_C_LANGUAGE_STANDARD = gnu99;
				GCC_NO_COMMON_BLOCKS = YES;
				GCC_WARN_64_TO_32_BIT_CONVERSION = YES;
				GCC_WARN_ABOUT_RETURN_TYPE = YES_ERROR;
				GCC_WARN_UNDECLARED_SELECTOR = YES;
				GCC_WARN_UNINITIALIZED_AUTOS = YES_AGGRESSIVE;
				GCC_WARN_UNUSED_FUNCTION = YES;
				GCC_WARN_UNUSED_VARIABLE = YES;
				IPHONEOS_DEPLOYMENT_TARGET = 8.3;
				MTL_ENABLE_DEBUG_INFO = NO;
				OTHER_LDFLAGS = "-l\"stdc++\"";
				SDKROOT = iphoneos;
				SWIFT_OBJC_BRIDGING_HEADER = "";
				TARGETED_DEVICE_FAMILY = "1,2";
				VALIDATE_PRODUCT = YES;
			};
			name = Release;
		};
		451C39521B2C5A4400391D7E /* Debug */ = {
			isa = XCBuildConfiguration;
			buildSettings = {
				ASSETCATALOG_COMPILER_APPICON_NAME = AppIcon;
				CODE_SIGN_IDENTITY = "iPhone Developer";
				"CODE_SIGN_IDENTITY[sdk=iphoneos*]" = "iPhone Developer";
				FRAMEWORK_SEARCH_PATHS = (
					"$(inherited)",
					"$(PROJECT_DIR)/Pool",
					"$(PROJECT_DIR)/Pool/Frameworks",
				);
				INFOPLIST_FILE = Pool/Info.plist;
				LD_RUNPATH_SEARCH_PATHS = "$(inherited) @executable_path/Frameworks";
				OTHER_LDFLAGS = "-l\"stdc++\"";
				PRODUCT_NAME = "$(TARGET_NAME)";
				PROVISIONING_PROFILE = "";
				SWIFT_OBJC_BRIDGING_HEADER = "Pool/Pool-Bridging-Header.h";
			};
			name = Debug;
		};
		451C39531B2C5A4400391D7E /* Release */ = {
			isa = XCBuildConfiguration;
			buildSettings = {
				ASSETCATALOG_COMPILER_APPICON_NAME = AppIcon;
				CODE_SIGN_IDENTITY = "iPhone Developer";
				"CODE_SIGN_IDENTITY[sdk=iphoneos*]" = "iPhone Developer";
				FRAMEWORK_SEARCH_PATHS = (
					"$(inherited)",
					"$(PROJECT_DIR)/Pool",
					"$(PROJECT_DIR)/Pool/Frameworks",
				);
				INFOPLIST_FILE = Pool/Info.plist;
				LD_RUNPATH_SEARCH_PATHS = "$(inherited) @executable_path/Frameworks";
				OTHER_LDFLAGS = "-l\"stdc++\"";
				PRODUCT_NAME = "$(TARGET_NAME)";
				PROVISIONING_PROFILE = "";
				SWIFT_OBJC_BRIDGING_HEADER = "Pool/Pool-Bridging-Header.h";
			};
			name = Release;
		};
		451C39551B2C5A4400391D7E /* Debug */ = {
			isa = XCBuildConfiguration;
			buildSettings = {
				BUNDLE_LOADER = "$(TEST_HOST)";
				FRAMEWORK_SEARCH_PATHS = (
					"$(SDKROOT)/Developer/Library/Frameworks",
					"$(inherited)",
				);
				GCC_PREPROCESSOR_DEFINITIONS = (
					"DEBUG=1",
					"$(inherited)",
				);
				INFOPLIST_FILE = PoolTests/Info.plist;
				LD_RUNPATH_SEARCH_PATHS = "$(inherited) @executable_path/Frameworks @loader_path/Frameworks";
				PRODUCT_NAME = "$(TARGET_NAME)";
				TEST_HOST = "$(BUILT_PRODUCTS_DIR)/Pool.app/Pool";
			};
			name = Debug;
		};
		451C39561B2C5A4400391D7E /* Release */ = {
			isa = XCBuildConfiguration;
			buildSettings = {
				BUNDLE_LOADER = "$(TEST_HOST)";
				FRAMEWORK_SEARCH_PATHS = (
					"$(SDKROOT)/Developer/Library/Frameworks",
					"$(inherited)",
				);
				INFOPLIST_FILE = PoolTests/Info.plist;
				LD_RUNPATH_SEARCH_PATHS = "$(inherited) @executable_path/Frameworks @loader_path/Frameworks";
				PRODUCT_NAME = "$(TARGET_NAME)";
				TEST_HOST = "$(BUILT_PRODUCTS_DIR)/Pool.app/Pool";
			};
			name = Release;
		};
/* End XCBuildConfiguration section */

/* Begin XCConfigurationList section */
		451C392D1B2C5A4400391D7E /* Build configuration list for PBXProject "Pool" */ = {
			isa = XCConfigurationList;
			buildConfigurations = (
				451C394F1B2C5A4400391D7E /* Debug */,
				451C39501B2C5A4400391D7E /* Release */,
			);
			defaultConfigurationIsVisible = 0;
			defaultConfigurationName = Release;
		};
		451C39511B2C5A4400391D7E /* Build configuration list for PBXNativeTarget "Pool" */ = {
			isa = XCConfigurationList;
			buildConfigurations = (
				451C39521B2C5A4400391D7E /* Debug */,
				451C39531B2C5A4400391D7E /* Release */,
			);
			defaultConfigurationIsVisible = 0;
			defaultConfigurationName = Release;
		};
		451C39541B2C5A4400391D7E /* Build configuration list for PBXNativeTarget "PoolTests" */ = {
			isa = XCConfigurationList;
			buildConfigurations = (
				451C39551B2C5A4400391D7E /* Debug */,
				451C39561B2C5A4400391D7E /* Release */,
			);
			defaultConfigurationIsVisible = 0;
			defaultConfigurationName = Release;
		};
/* End XCConfigurationList section */
	};
	rootObject = 451C392A1B2C5A4400391D7E /* Project object */;
}
